# THIS IS AN AUTOGENERATED FILE. DO NOT EDIT THIS FILE DIRECTLY.
# yarn lockfile v1


vuepress-plugin-dynamic-title@^0.0.5:
  version "0.0.5"
  resolved "https://registry.yarnpkg.com/vuepress-plugin-dynamic-title/-/vuepress-plugin-dynamic-title-0.0.5.tgz#32b2c6f381c94aa7b247a9833c63c055300463d6"
  integrity sha512-SVkyxGHMFnVDJz5T78j0imq9DJlfy1XapWbUKzL3IdTKo7iFE0osQRrO78rr3+adXX/oj3Y4KROvfYaI0DEcBQ==
